// !$*UTF8*$!
{
	archiveVersion = 1;
	classes = {
	};
	objectVersion = 50;
	objects = {

/* Begin PBXBuildFile section */
		FD1368C625B2AD8E001DBB03 /* AppDelegate.swift in Sources */ = {isa = PBXBuildFile; fileRef = FD1368C525B2AD8E001DBB03 /* AppDelegate.swift */; };
		FD1368C825B2AD8E001DBB03 /* SceneDelegate.swift in Sources */ = {isa = PBXBuildFile; fileRef = FD1368C725B2AD8E001DBB03 /* SceneDelegate.swift */; };
		FD1368CA25B2AD8E001DBB03 /* ViewController.swift in Sources */ = {isa = PBXBuildFile; fileRef = FD1368C925B2AD8E001DBB03 /* ViewController.swift */; };
		FD1368CD25B2AD8E001DBB03 /* Main.storyboard in Resources */ = {isa = PBXBuildFile; fileRef = FD1368CB25B2AD8E001DBB03 /* Main.storyboard */; };
		FD1368CF25B2AD8F001DBB03 /* Assets.xcassets in Resources */ = {isa = PBXBuildFile; fileRef = FD1368CE25B2AD8F001DBB03 /* Assets.xcassets */; };
		FD1368D225B2AD8F001DBB03 /* LaunchScreen.storyboard in Resources */ = {isa = PBXBuildFile; fileRef = FD1368D025B2AD8F001DBB03 /* LaunchScreen.storyboard */; };
/* End PBXBuildFile section */

/* Begin PBXFileReference section */
		FD1368C225B2AD8E001DBB03 /* Chat-Example.app */ = {isa = PBXFileReference; explicitFileType = wrapper.application; includeInIndex = 0; path = "Chat-Example.app"; sourceTree = BUILT_PRODUCTS_DIR; };
		FD1368C525B2AD8E001DBB03 /* AppDelegate.swift */ = {isa = PBXFileReference; lastKnownFileType = sourcecode.swift; path = AppDelegate.swift; sourceTree = "<group>"; };
		FD1368C725B2AD8E001DBB03 /* SceneDelegate.swift */ = {isa = PBXFileReference; lastKnownFileType = sourcecode.swift; path = SceneDelegate.swift; sourceTree = "<group>"; };
		FD1368C925B2AD8E001DBB03 /* ViewController.swift */ = {isa = PBXFileReference; lastKnownFileType = sourcecode.swift; path = ViewController.swift; sourceTree = "<group>"; };
		FD1368CC25B2AD8E001DBB03 /* Base */ = {isa = PBXFileReference; lastKnownFileType = file.storyboard; name = Base; path = Base.lproj/Main.storyboard; sourceTree = "<group>"; };
		FD1368CE25B2AD8F001DBB03 /* Assets.xcassets */ = {isa = PBXFileReference; lastKnownFileType = folder.assetcatalog; path = Assets.xcassets; sourceTree = "<group>"; };
		FD1368D125B2AD8F001DBB03 /* Base */ = {isa = PBXFileReference; lastKnownFileType = file.storyboard; name = Base; path = Base.lproj/LaunchScreen.storyboard; sourceTree = "<group>"; };
		FD1368D325B2AD8F001DBB03 /* Info.plist */ = {isa = PBXFileReference; lastKnownFileType = text.plist.xml; path = Info.plist; sourceTree = "<group>"; };
/* End PBXFileReference section */

/* Begin PBXFrameworksBuildPhase section */
		FD1368BF25B2AD8E001DBB03 /* Frameworks */ = {
			isa = PBXFrameworksBuildPhase;
			buildActionMask = 2147483647;
			files = (
			);
			runOnlyForDeploymentPostprocessing = 0;
		};
/* End PBXFrameworksBuildPhase section */

/* Begin PBXGroup section */
		FD1368B925B2AD8E001DBB03 = {
			isa = PBXGroup;
			children = (
				FD1368C425B2AD8E001DBB03 /* Chat-Example */,
				FD1368C325B2AD8E001DBB03 /* Products */,
			);
			sourceTree = "<group>";
		};
		FD1368C325B2AD8E001DBB03 /* Products */ = {
			isa = PBXGroup;
			children = (
				FD1368C225B2AD8E001DBB03 /* Chat-Example.app */,
			);
			name = Products;
			sourceTree = "<group>";
		};
		FD1368C425B2AD8E001DBB03 /* Chat-Example */ = {
			isa = PBXGroup;
			children = (
				FD1368C525B2AD8E001DBB03 /* AppDelegate.swift */,
				FD1368C725B2AD8E001DBB03 /* SceneDelegate.swift */,
				FD1368C925B2AD8E001DBB03 /* ViewController.swift */,
				FD1368CB25B2AD8E001DBB03 /* Main.storyboard */,
				FD1368CE25B2AD8F001DBB03 /* Assets.xcassets */,
				FD1368D025B2AD8F001DBB03 /* LaunchScreen.storyboard */,
				FD1368D325B2AD8F001DBB03 /* Info.plist */,
			);
			path = "Chat-Example";
			sourceTree = "<group>";
		};
/* End PBXGroup section */

/* Begin PBXNativeTarget section */
		FD1368C125B2AD8E001DBB03 /* Chat-Example */ = {
			isa = PBXNativeTarget;
			buildConfigurationList = FD1368D625B2AD8F001DBB03 /* Build configuration list for PBXNativeTarget "Chat-Example" */;
			buildPhases = (
				FD1368BE25B2AD8E001DBB03 /* Sources */,
				FD1368BF25B2AD8E001DBB03 /* Frameworks */,
				FD1368C025B2AD8E001DBB03 /* Resources */,
			);
			buildRules = (
			);
			dependencies = (
			);
			name = "Chat-Example";
			productName = "Chat-Example";
			productReference = FD1368C225B2AD8E001DBB03 /* Chat-Example.app */;
			productType = "com.apple.product-type.application";
		};
/* End PBXNativeTarget section */

/* Begin PBXProject section */
		FD1368BA25B2AD8E001DBB03 /* Project object */ = {
			isa = PBXProject;
			attributes = {
				LastSwiftUpdateCheck = 1230;
				LastUpgradeCheck = 1230;
				TargetAttributes = {
					FD1368C125B2AD8E001DBB03 = {
						CreatedOnToolsVersion = 12.3;
					};
				};
			};
			buildConfigurationList = FD1368BD25B2AD8E001DBB03 /* Build configuration list for PBXProject "Chat-Example" */;
			compatibilityVersion = "Xcode 9.3";
			developmentRegion = en;
			hasScannedForEncodings = 0;
			knownRegions = (
				en,
				Base,
			);
			mainGroup = FD1368B925B2AD8E001DBB03;
			productRefGroup = FD1368C325B2AD8E001DBB03 /* Products */;
			projectDirPath = "";
			projectRoot = "";
			targets = (
				FD1368C125B2AD8E001DBB03 /* Chat-Example */,
			);
		};
/* End PBXProject section */

/* Begin PBXResourcesBuildPhase section */
		FD1368C025B2AD8E001DBB03 /* Resources */ = {
			isa = PBXResourcesBuildPhase;
			buildActionMask = 2147483647;
			files = (
				FD1368D225B2AD8F001DBB03 /* LaunchScreen.storyboard in Resources */,
				FD1368CF25B2AD8F001DBB03 /* Assets.xcassets in Resources */,
				FD1368CD25B2AD8E001DBB03 /* Main.storyboard in Resources */,
			);
			runOnlyForDeploymentPostprocessing = 0;
		};
/* End PBXResourcesBuildPhase section */

/* Begin PBXSourcesBuildPhase section */
		FD1368BE25B2AD8E001DBB03 /* Sources */ = {
			isa = PBXSourcesBuildPhase;
			buildActionMask = 2147483647;
			files = (
				FD1368CA25B2AD8E001DBB03 /* ViewController.swift in Sources */,
				FD1368C625B2AD8E001DBB03 /* AppDelegate.swift in Sources */,
				FD1368C825B2AD8E001DBB03 /* SceneDelegate.swift in Sources */,
			);
			runOnlyForDeploymentPostprocessing = 0;
		};
/* End PBXSourcesBuildPhase section */

/* Begin PBXVariantGroup section */
		FD1368CB25B2AD8E001DBB03 /* Main.storyboard */ = {
			isa = PBXVariantGroup;
			children = (
				FD1368CC25B2AD8E001DBB03 /* Base */,
			);
			name = Main.storyboard;
			sourceTree = "<group>";
		};
		FD1368D025B2AD8F001DBB03 /* LaunchScreen.storyboard */ = {
			isa = PBXVariantGroup;
			children = (
				FD1368D125B2AD8F001DBB03 /* Base */,
			);
			name = LaunchScreen.storyboard;
			sourceTree = "<group>";
		};
/* End PBXVariantGroup section */

/* Begin XCBuildConfiguration section */
		FD1368D425B2AD8F001DBB03 /* Debug */ = {
			isa = XCBuildConfiguration;
			buildSettings = {
				ALWAYS_SEARCH_USER_PATHS = NO;
				CLANG_ANALYZER_NONNULL = YES;
				CLANG_ANALYZER_NUMBER_OBJECT_CONVERSION = YES_AGGRESSIVE;
				CLANG_CXX_LANGUAGE_STANDARD = "gnu++14";
				CLANG_CXX_LIBRARY = "libc++";
				CLANG_ENABLE_MODULES = YES;
				CLANG_ENABLE_OBJC_ARC = YES;
				CLANG_ENABLE_OBJC_WEAK = YES;
				CLANG_WARN_BLOCK_CAPTURE_AUTORELEASING = YES;
				CLANG_WARN_BOOL_CONVERSION = YES;
				CLANG_WARN_COMMA = YES;
				CLANG_WARN_CONSTANT_CONVERSION = YES;
				CLANG_WARN_DEPRECATED_OBJC_IMPLEMENTATIONS = YES;
				CLANG_WARN_DIRECT_OBJC_ISA_USAGE = YES_ERROR;
				CLANG_WARN_DOCUMENTATION_COMMENTS = YES;
				CLANG_WARN_EMPTY_BODY = YES;
				CLANG_WARN_ENUM_CONVERSION = YES;
				CLANG_WARN_INFINITE_RECURSION = YES;
				CLANG_WARN_INT_CONVERSION = YES;
				CLANG_WARN_NON_LITERAL_NULL_CONVERSION = YES;
				CLANG_WARN_OBJC_IMPLICIT_RETAIN_SELF = YES;
				CLANG_WARN_OBJC_LITERAL_CONVERSION = YES;
				CLANG_WARN_OBJC_ROOT_CLASS = YES_ERROR;
				CLANG_WARN_QUOTED_INCLUDE_IN_FRAMEWORK_HEADER = YES;
				CLANG_WARN_RANGE_LOOP_ANALYSIS = YES;
				CLANG_WARN_STRICT_PROTOTYPES = YES;
				CLANG_WARN_SUSPICIOUS_MOVE = YES;
				CLANG_WARN_UNGUARDED_AVAILABILITY = YES_AGGRESSIVE;
				CLANG_WARN_UNREACHABLE_CODE = YES;
				CLANG_WARN__DUPLICATE_METHOD_MATCH = YES;
				COPY_PHASE_STRIP = NO;
				DEBUG_INFORMATION_FORMAT = dwarf;
				ENABLE_STRICT_OBJC_MSGSEND = YES;
				ENABLE_TESTABILITY = YES;
				GCC_C_LANGUAGE_STANDARD = gnu11;
				GCC_DYNAMIC_NO_PIC = NO;
				GCC_NO_COMMON_BLOCKS = YES;
				GCC_OPTIMIZATION_LEVEL = 0;
				GCC_PREPROCESSOR_DEFINITIONS = (
					"DEBUG=1",
					"$(inherited)",
				);
				GCC_WARN_64_TO_32_BIT_CONVERSION = YES;
				GCC_WARN_ABOUT_RETURN_TYPE = YES_ERROR;
				GCC_WARN_UNDECLARED_SELECTOR = YES;
				GCC_WARN_UNINITIALIZED_AUTOS = YES_AGGRESSIVE;
				GCC_WARN_UNUSED_FUNCTION = YES;
				GCC_WARN_UNUSED_VARIABLE = YES;
				IPHONEOS_DEPLOYMENT_TARGET = 14.3;
				MTL_ENABLE_DEBUG_INFO = INCLUDE_SOURCE;
				MTL_FAST_MATH = YES;
				ONLY_ACTIVE_ARCH = YES;
				SDKROOT = iphoneos;
				SWIFT_ACTIVE_COMPILATION_CONDITIONS = DEBUG;
				SWIFT_OPTIMIZATION_LEVEL = "-Onone";
			};
			name = Debug;
		};
		FD1368D525B2AD8F001DBB03 /* Release */ = {
			isa = XCBuildConfiguration;
			buildSettings = {
				ALWAYS_SEARCH_USER_PATHS = NO;
				CLANG_ANALYZER_NONNULL = YES;
				CLANG_ANALYZER_NUMBER_OBJECT_CONVERSION = YES_AGGRESSIVE;
				CLANG_CXX_LANGUAGE_STANDARD = "gnu++14";
				CLANG_CXX_LIBRARY = "libc++";
				CLANG_ENABLE_MODULES = YES;
				CLANG_ENABLE_OBJC_ARC = YES;
				CLANG_ENABLE_OBJC_WEAK = YES;
				CLANG_WARN_BLOCK_CAPTURE_AUTORELEASING = YES;
				CLANG_WARN_BOOL_CONVERSION = YES;
				CLANG_WARN_COMMA = YES;
				CLANG_WARN_CONSTANT_CONVERSION = YES;
				CLANG_WARN_DEPRECATED_OBJC_IMPLEMENTATIONS = YES;
				CLANG_WARN_DIRECT_OBJC_ISA_USAGE = YES_ERROR;
				CLANG_WARN_DOCUMENTATION_COMMENTS = YES;
				CLANG_WARN_EMPTY_BODY = YES;
				CLANG_WARN_ENUM_CONVERSION = YES;
				CLANG_WARN_INFINITE_RECURSION = YES;
				CLANG_WARN_INT_CONVERSION = YES;
				CLANG_WARN_NON_LITERAL_NULL_CONVERSION = YES;
				CLANG_WARN_OBJC_IMPLICIT_RETAIN_SELF = YES;
				CLANG_WARN_OBJC_LITERAL_CONVERSION = YES;
				CLANG_WARN_OBJC_ROOT_CLASS = YES_ERROR;
				CLANG_WARN_QUOTED_INCLUDE_IN_FRAMEWORK_HEADER = YES;
				CLANG_WARN_RANGE_LOOP_ANALYSIS = YES;
				CLANG_WARN_STRICT_PROTOTYPES = YES;
				CLANG_WARN_SUSPICIOUS_MOVE = YES;
				CLANG_WARN_UNGUARDED_AVAILABILITY = YES_AGGRESSIVE;
				CLANG_WARN_UNREACHABLE_CODE = YES;
				CLANG_WARN__DUPLICATE_METHOD_MATCH = YES;
				COPY_PHASE_STRIP = NO;
				DEBUG_INFORMATION_FORMAT = "dwarf-with-dsym";
				ENABLE_NS_ASSERTIONS = NO;
				ENABLE_STRICT_OBJC_MSGSEND = YES;
				GCC_C_LANGUAGE_STANDARD = gnu11;
				GCC_NO_COMMON_BLOCKS = YES;
				GCC_WARN_64_TO_32_BIT_CONVERSION = YES;
				GCC_WARN_ABOUT_RETURN_TYPE = YES_ERROR;
				GCC_WARN_UNDECLARED_SELECTOR = YES;
				GCC_WARN_UNINITIALIZED_AUTOS = YES_AGGRESSIVE;
				GCC_WARN_UNUSED_FUNCTION = YES;
				GCC_WARN_UNUSED_VARIABLE = YES;
				IPHONEOS_DEPLOYMENT_TARGET = 14.3;
				MTL_ENABLE_DEBUG_INFO = NO;
				MTL_FAST_MATH = YES;
				SDKROOT = iphoneos;
				SWIFT_COMPILATION_MODE = wholemodule;
				SWIFT_OPTIMIZATION_LEVEL = "-O";
				VALIDATE_PRODUCT = YES;
			};
			name = Release;
		};
		FD1368D725B2AD8F001DBB03 /* Debug */ = {
			isa = XCBuildConfiguration;
			buildSettings = {
				ASSETCATALOG_COMPILER_APPICON_NAME = AppIcon;
				ASSETCATALOG_COMPILER_GLOBAL_ACCENT_COLOR_NAME = AccentColor;
				CODE_SIGN_STYLE = Automatic;
				DEVELOPMENT_TEAM = XFJPJUXR27;
				INFOPLIST_FILE = "Chat-Example/Info.plist";
				LD_RUNPATH_SEARCH_PATHS = (
					"$(inherited)",
					"@executable_path/Frameworks",
				);
				PRODUCT_BUNDLE_IDENTIFIER = "com.jonathang.Chat-Example";
				PRODUCT_NAME = "$(TARGET_NAME)";
				SWIFT_VERSION = 5.0;
				TARGETED_DEVICE_FAMILY = "1,2";
			};
			name = Debug;
		};
		FD1368D825B2AD8F001DBB03 /* Release */ = {
			isa = XCBuildConfiguration;
			buildSettings = {
				ASSETCATALOG_COMPILER_APPICON_NAME = AppIcon;
				ASSETCATALOG_COMPILER_GLOBAL_ACCENT_COLOR_NAME = AccentColor;
				CODE_SIGN_STYLE = Automatic;
				DEVELOPMENT_TEAM = XFJPJUXR27;
				INFOPLIST_FILE = "Chat-Example/Info.plist";
				LD_RUNPATH_SEARCH_PATHS = (
					"$(inherited)",
					"@executable_path/Frameworks",
				);
				PRODUCT_BUNDLE_IDENTIFIER = "com.jonathang.Chat-Example";
				PRODUCT_NAME = "$(TARGET_NAME)";
				SWIFT_VERSION = 5.0;
				TARGETED_DEVICE_FAMILY = "1,2";
			};
			name = Release;
		};
/* End XCBuildConfiguration section */

/* Begin XCConfigurationList section */
		FD1368BD25B2AD8E001DBB03 /* Build configuration list for PBXProject "Chat-Example" */ = {
			isa = XCConfigurationList;
			buildConfigurations = (
				FD1368D425B2AD8F001DBB03 /* Debug */,
				FD1368D525B2AD8F001DBB03 /* Release */,
			);
			defaultConfigurationIsVisible = 0;
			defaultConfigurationName = Release;
		};
		FD1368D625B2AD8F001DBB03 /* Build configuration list for PBXNativeTarget "Chat-Example" */ = {
			isa = XCConfigurationList;
			buildConfigurations = (
				FD1368D725B2AD8F001DBB03 /* Debug */,
				FD1368D825B2AD8F001DBB03 /* Release */,
			);
			defaultConfigurationIsVisible = 0;
			defaultConfigurationName = Release;
		};
/* End XCConfigurationList section */
	};
	rootObject = FD1368BA25B2AD8E001DBB03 /* Project object */;
}
